
Microsoft Visual Studio Solution File, Format Version 10.00
# Visual Studio 2008
Project("{FAE04EC0-301F-11D3-BF4B-00C04F79EFBC}") = "LPTTester", "LPTTester\LPTTester.csproj", "{EF0D40E1-5AB4-4DBC-A28B-88CCED19C7F9}"
EndProject
Project("{FAE04EC0-301F-11D3-BF4B-00C04F79EFBC}") = "Output", "Output\Output.csproj", "{677A240B-F851-4EBE-9D33-D26EA0DD0F71}"
EndProject
Global
	GlobalSection(SolutionConfigurationPlatforms) = preSolution
		Debug|Any CPU = Debug|Any CPU
		Release|Any CPU = Release|Any CPU
	EndGlobalSection
	GlobalSection(ProjectConfigurationPlatforms) = postSolution
		{EF0D40E1-5AB4-4DBC-A28B-88CCED19C7F9}.Debug|Any CPU.ActiveCfg = Debug|Any CPU
		{EF0D40E1-5AB4-4DBC-A28B-88CCED19C7F9}.Debug|Any CPU.Build.0 = Debug|Any CPU
		{EF0D40E1-5AB4-4DBC-A28B-88CCED19C7F9}.Release|Any CPU.ActiveCfg = Release|Any CPU
		{EF0D40E1-5AB4-4DBC-A28B-88CCED19C7F9}.Release|Any CPU.Build.0 = Release|Any CPU
		{677A240B-F851-4EBE-9D33-D26EA0DD0F71}.Debug|Any CPU.ActiveCfg = Debug|Any CPU
		{677A240B-F851-4EBE-9D33-D26EA0DD0F71}.Debug|Any CPU.Build.0 = Debug|Any CPU
		{677A240B-F851-4EBE-9D33-D26EA0DD0F71}.Release|Any CPU.ActiveCfg = Release|Any CPU
		{677A240B-F851-4EBE-9D33-D26EA0DD0F71}.Release|Any CPU.Build.0 = Release|Any CPU
	EndGlobalSection
	GlobalSection(SolutionProperties) = preSolution
		HideSolutionNode = FALSE
	EndGlobalSection
EndGlobal
